github.com/BurntSushi/xgb v0.0.0-20210121224620-deaf085860bc h1:7D+Bh06CRPCJO3gr2F7h1sriovOZ8BMhca2Rg85c2nk=
github.com/BurntSushi/xgb v0.0.0-20210121224620-deaf085860bc/go.mod h1:IVnqGOEym/WlBOVXweHU+Q+/VP0lqqI8lqeDx9IjBqo=
github.com/joho/godotenv v1.3.0 h1:Zjp+RcGpHhGlrMbJzXTrZZPrWj+1vfm90La1wgB6Bhc=
github.com/joho/godotenv v1.3.0/go.mod h1:7hK45KPybAkOC6peb+G5yklZfMxEjkZhHbwpqxOKXbg=
github.com/kr/pretty v0.1.0 h1:L/CwN0zerZDmRFUapSPitk6f+Q3+0za1rQkzVuMiMFI=
github.com/kr/pretty v0.1.0/go.mod h1:dAy3ld7l9f0ibDNOQOHHMYYIIbhfbHSm3C4ZsoJORNo=
github.com/kr/pty v1.1.1/go.mod h1:pFQYn66WHrOpPYNljwOMqo10TkYh1fy3cYio2l3bCsQ=
github.com/kr/text v0.1.0 h1:45sCR5RtlFHMR4UwH9sdQ5TC8v0qDQCHnXt+kaKSTVE=
github.com/kr/text v0.1.0/go.mod h1:4Jbv+DJW3UT/LiOwJeYQe1efqtUx/iVham/4vfdArNI=
github.com/mcuadros/go-rpi-rgb-led-matrix v0.0.0-20180401002551-b26063b3169a h1:LW0Q1rpZM0IvF0VsC8f1FrmHxG9UZrAY/jF6W+iZBo4=
github.com/mcuadros/go-rpi-rgb-led-matrix v0.0.0-20180401002551-b26063b3169a/go.mod h1:6p7/C4Toq+GhRHIR7gmxjiNYRYYwh9zQeVJa/xmbqLU=
github.com/toelsiba/fopix v0.0.0-20171012221014-5bd79636be24 h1:SiUc1LXdT9COEBOBzG1I95AGoJxSs0cHoPrpq1bC+AY=
github.com/toelsiba/fopix v0.0.0-20171012221014-5bd79636be24/go.mod h1:/atAwnnhAmnjdOslj7TNBen9M4b6XADH5cJNiZ1G+q4=
golang.org/x/exp v0.0.0-20190301171323-01c40f57f5f6 h1:75bC0RF0WtaWl7tKKq99XxDxjYTu0d4iy6yh7TcErbk=
golang.org/x/exp v0.0.0-20190301171323-01c40f57f5f6/go.mod h1:CJ0aWSM057203Lf6IL+f9T1iT9GByDxfZKAQTCR3kQA=
golang.org/x/image v0.0.0-20190227222117-0694c2d4d067 h1:KYGJGHOQy8oSi1fDlSpcZF0+juKwk/hEMv5SiwHogR0=
golang.org/x/image v0.0.0-20190227222117-0694c2d4d067/go.mod h1:kZ7UVZpmo3dzQBMxlp+ypCbDeSB+sBbTgSJuh5dn5js=
golang.org/x/mobile v0.0.0-20190302063618-b8c6dab863a6 h1:tXsjfk+rp0M+hHBZ1VZBPJWmTKZiS8VuCaKnB+fjnKo=
golang.org/x/mobile v0.0.0-20190302063618-b8c6dab863a6/go.mod h1:z+o9i4GpDbdi3rU15maQ/Ox0txvL9dWGYEHz965HBQE=
golang.org/x/sys v0.0.0-20210507161434-a76c4d0a0096 h1:5PbJGn5Sp3GEUjJ61aYbUP6RIo3Z3r2E4Tv9y2z8UHo=
golang.org/x/sys v0.0.0-20210507161434-a76c4d0a0096/go.mod h1:oPkhp1MJrh7nUepCBck5+mAzfO9JrbApNNgaTdGDITg=
golang.org/x/text v0.3.0/go.mod h1:NqM8EUOU14njkJ3fqMW+pc6Ldnwhi/IjpwHt7yyuwOQ=
gopkg.in/check.v1 v1.0.0-20180628173108-788fd7840127 h1:qIbj1fsPNlZgppZ+VLlY7N33q108Sa+fhmuc+sWQYwY=
gopkg.in/check.v1 v1.0.0-20180628173108-788fd7840127/go.mod h1:Co6ibVJAznAaIkqp8huTwlJQCZ016jof/cbN4VW5Yz0=
